
Microsoft Visual Studio Solution File, Format Version 12.00
# Visual Studio Version 17
VisualStudioVersion = 17.0.31903.59
MinimumVisualStudioVersion = 10.0.40219.1
Project("{2150E333-8FDC-42A3-9474-1A3956D46DE8}") = "src", "src", "{7EB54A22-BF46-4A6B-96B3-F97F5536E119}"
EndProject
Project("{FAE04EC0-301F-11D3-BF4B-00C04F79EFBC}") = "LegacyBridge.Parser", "src\LegacyBridge.Parser\LegacyBridge.Parser.csproj", "{9057E1E2-D314-4886-9E86-8594C559AD8A}"
EndProject
Project("{FAE04EC0-301F-11D3-BF4B-00C04F79EFBC}") = "LegacyBridge.Cli", "src\LegacyBridge.Cli\LegacyBridge.Cli.csproj", "{97715838-D7CE-4928-8794-A2247BF0E3BF}"
EndProject
Project("{2150E333-8FDC-42A3-9474-1A3956D46DE8}") = "tests", "tests", "{065E8517-007C-4A56-B1EE-17814BF8A900}"
EndProject
Project("{FAE04EC0-301F-11D3-BF4B-00C04F79EFBC}") = "LegacyBridge.Parser.Tests", "tests\LegacyBridge.Parser.Tests\LegacyBridge.Parser.Tests.csproj", "{CAF38F4C-E32E-4B06-BCEE-703AC9A04523}"
EndProject
Project("{FAE04EC0-301F-11D3-BF4B-00C04F79EFBC}") = "LegacyBridge.Generator", "src\LegacyBridge.Generator\LegacyBridge.Generator.csproj", "{8C17B58A-CA7A-4BC1-BAE2-5679BBAB0681}"
EndProject
Project("{FAE04EC0-301F-11D3-BF4B-00C04F79EFBC}") = "LegacyBridge.Generator.Tests", "tests\LegacyBridge.Generator.Tests\LegacyBridge.Generator.Tests.csproj", "{F8544D02-9F38-4D84-97CB-EC96BEB65098}"
EndProject
Project("{FAE04EC0-301F-11D3-BF4B-00C04F79EFBC}") = "LegacyBridge.Equivalence", "src\LegacyBridge.Equivalence\LegacyBridge.Equivalence.csproj", "{FC17FBE2-B4BD-49B8-ABCB-3B6A79CDBFC3}"
EndProject
Project("{2150E333-8FDC-42A3-9474-1A3956D46DE8}") = "samples", "samples", "{5D20AA90-6969-D8BD-9DCD-8634F4692FDA}"
EndProject
Project("{2150E333-8FDC-42A3-9474-1A3956D46DE8}") = "vfp-inventory", "vfp-inventory", "{E8C79614-2C33-ACC9-143A-CFF2E802D49E}"
EndProject
Project("{2150E333-8FDC-42A3-9474-1A3956D46DE8}") = "migrated", "migrated", "{2A4E56CF-59F1-2B12-7D89-814D66CDAA97}"
EndProject
Project("{2150E333-8FDC-42A3-9474-1A3956D46DE8}") = "Application", "Application", "{4164CF95-2D45-69F1-5FC9-28187B9F0BBB}"
EndProject
Project("{FAE04EC0-301F-11D3-BF4B-00C04F79EFBC}") = "VfpInventory.Application", "samples\vfp-inventory\migrated\Application\VfpInventory.Application.csproj", "{9F002592-E2AF-410F-9768-F74CED007F9E}"
EndProject
Project("{2150E333-8FDC-42A3-9474-1A3956D46DE8}") = "Domain", "Domain", "{E93232CE-88E4-7006-6826-98D3E7DD1ED6}"
EndProject
Project("{FAE04EC0-301F-11D3-BF4B-00C04F79EFBC}") = "VfpInventory.Domain", "samples\vfp-inventory\migrated\Domain\VfpInventory.Domain.csproj", "{039C9BDA-A7E4-4397-8D85-972A35B3ED42}"
EndProject
Project("{FAE04EC0-301F-11D3-BF4B-00C04F79EFBC}") = "LegacyBridge.Equivalence.Tests", "tests\LegacyBridge.Equivalence.Tests\LegacyBridge.Equivalence.Tests.csproj", "{4FFCEBCD-AD79-4742-84B3-4CBA5342E787}"
EndProject
Global
	GlobalSection(SolutionConfigurationPlatforms) = preSolution
		Debug|Any CPU = Debug|Any CPU
		Debug|x64 = Debug|x64
		Debug|x86 = Debug|x86
		Release|Any CPU = Release|Any CPU
		Release|x64 = Release|x64
		Release|x86 = Release|x86
	EndGlobalSection
	GlobalSection(ProjectConfigurationPlatforms) = postSolution
		{9057E1E2-D314-4886-9E86-8594C559AD8A}.Debug|Any CPU.ActiveCfg = Debug|Any CPU
		{9057E1E2-D314-4886-9E86-8594C559AD8A}.Debug|Any CPU.Build.0 = Debug|Any CPU
		{9057E1E2-D314-4886-9E86-8594C559AD8A}.Debug|x64.ActiveCfg = Debug|Any CPU
		{9057E1E2-D314-4886-9E86-8594C559AD8A}.Debug|x64.Build.0 = Debug|Any CPU
		{9057E1E2-D314-4886-9E86-8594C559AD8A}.Debug|x86.ActiveCfg = Debug|Any CPU
		{9057E1E2-D314-4886-9E86-8594C559AD8A}.Debug|x86.Build.0 = Debug|Any CPU
		{9057E1E2-D314-4886-9E86-8594C559AD8A}.Release|Any CPU.ActiveCfg = Release|Any CPU
		{9057E1E2-D314-4886-9E86-8594C559AD8A}.Release|Any CPU.Build.0 = Release|Any CPU
		{9057E1E2-D314-4886-9E86-8594C559AD8A}.Release|x64.ActiveCfg = Release|Any CPU
		{9057E1E2-D314-4886-9E86-8594C559AD8A}.Release|x64.Build.0 = Release|Any CPU
		{9057E1E2-D314-4886-9E86-8594C559AD8A}.Release|x86.ActiveCfg = Release|Any CPU
		{9057E1E2-D314-4886-9E86-8594C559AD8A}.Release|x86.Build.0 = Release|Any CPU
		{97715838-D7CE-4928-8794-A2247BF0E3BF}.Debug|Any CPU.ActiveCfg = Debug|Any CPU
		{97715838-D7CE-4928-8794-A2247BF0E3BF}.Debug|Any CPU.Build.0 = Debug|Any CPU
		{97715838-D7CE-4928-8794-A2247BF0E3BF}.Debug|x64.ActiveCfg = Debug|Any CPU
		{97715838-D7CE-4928-8794-A2247BF0E3BF}.Debug|x64.Build.0 = Debug|Any CPU
		{97715838-D7CE-4928-8794-A2247BF0E3BF}.Debug|x86.ActiveCfg = Debug|Any CPU
		{97715838-D7CE-4928-8794-A2247BF0E3BF}.Debug|x86.Build.0 = Debug|Any CPU
		{97715838-D7CE-4928-8794-A2247BF0E3BF}.Release|Any CPU.ActiveCfg = Release|Any CPU
		{97715838-D7CE-4928-8794-A2247BF0E3BF}.Release|Any CPU.Build.0 = Release|Any CPU
		{97715838-D7CE-4928-8794-A2247BF0E3BF}.Release|x64.ActiveCfg = Release|Any CPU
		{97715838-D7CE-4928-8794-A2247BF0E3BF}.Release|x64.Build.0 = Release|Any CPU
		{97715838-D7CE-4928-8794-A2247BF0E3BF}.Release|x86.ActiveCfg = Release|Any CPU
		{97715838-D7CE-4928-8794-A2247BF0E3BF}.Release|x86.Build.0 = Release|Any CPU
		{CAF38F4C-E32E-4B06-BCEE-703AC9A04523}.Debug|Any CPU.ActiveCfg = Debug|Any CPU
		{CAF38F4C-E32E-4B06-BCEE-703AC9A04523}.Debug|Any CPU.Build.0 = Debug|Any CPU
		{CAF38F4C-E32E-4B06-BCEE-703AC9A04523}.Debug|x64.ActiveCfg = Debug|Any CPU
		{CAF38F4C-E32E-4B06-BCEE-703AC9A04523}.Debug|x64.Build.0 = Debug|Any CPU
		{CAF38F4C-E32E-4B06-BCEE-703AC9A04523}.Debug|x86.ActiveCfg = Debug|Any CPU
		{CAF38F4C-E32E-4B06-BCEE-703AC9A04523}.Debug|x86.Build.0 = Debug|Any CPU
		{CAF38F4C-E32E-4B06-BCEE-703AC9A04523}.Release|Any CPU.ActiveCfg = Release|Any CPU
		{CAF38F4C-E32E-4B06-BCEE-703AC9A04523}.Release|Any CPU.Build.0 = Release|Any CPU
		{CAF38F4C-E32E-4B06-BCEE-703AC9A04523}.Release|x64.ActiveCfg = Release|Any CPU
		{CAF38F4C-E32E-4B06-BCEE-703AC9A04523}.Release|x64.Build.0 = Release|Any CPU
		{CAF38F4C-E32E-4B06-BCEE-703AC9A04523}.Release|x86.ActiveCfg = Release|Any CPU
		{CAF38F4C-E32E-4B06-BCEE-703AC9A04523}.Release|x86.Build.0 = Release|Any CPU
		{8C17B58A-CA7A-4BC1-BAE2-5679BBAB0681}.Debug|Any CPU.ActiveCfg = Debug|Any CPU
		{8C17B58A-CA7A-4BC1-BAE2-5679BBAB0681}.Debug|Any CPU.Build.0 = Debug|Any CPU
		{8C17B58A-CA7A-4BC1-BAE2-5679BBAB0681}.Debug|x64.ActiveCfg = Debug|Any CPU
		{8C17B58A-CA7A-4BC1-BAE2-5679BBAB0681}.Debug|x64.Build.0 = Debug|Any CPU
		{8C17B58A-CA7A-4BC1-BAE2-5679BBAB0681}.Debug|x86.ActiveCfg = Debug|Any CPU
		{8C17B58A-CA7A-4BC1-BAE2-5679BBAB0681}.Debug|x86.Build.0 = Debug|Any CPU
		{8C17B58A-CA7A-4BC1-BAE2-5679BBAB0681}.Release|Any CPU.ActiveCfg = Release|Any CPU
		{8C17B58A-CA7A-4BC1-BAE2-5679BBAB0681}.Release|Any CPU.Build.0 = Release|Any CPU
		{8C17B58A-CA7A-4BC1-BAE2-5679BBAB0681}.Release|x64.ActiveCfg = Release|Any CPU
		{8C17B58A-CA7A-4BC1-BAE2-5679BBAB0681}.Release|x64.Build.0 = Release|Any CPU
		{8C17B58A-CA7A-4BC1-BAE2-5679BBAB0681}.Release|x86.ActiveCfg = Release|Any CPU
		{8C17B58A-CA7A-4BC1-BAE2-5679BBAB0681}.Release|x86.Build.0 = Release|Any CPU
		{F8544D02-9F38-4D84-97CB-EC96BEB65098}.Debug|Any CPU.ActiveCfg = Debug|Any CPU
		{F8544D02-9F38-4D84-97CB-EC96BEB65098}.Debug|Any CPU.Build.0 = Debug|Any CPU
		{F8544D02-9F38-4D84-97CB-EC96BEB65098}.Debug|x64.ActiveCfg = Debug|Any CPU
		{F8544D02-9F38-4D84-97CB-EC96BEB65098}.Debug|x64.Build.0 = Debug|Any CPU
		{F8544D02-9F38-4D84-97CB-EC96BEB65098}.Debug|x86.ActiveCfg = Debug|Any CPU
		{F8544D02-9F38-4D84-97CB-EC96BEB65098}.Debug|x86.Build.0 = Debug|Any CPU
		{F8544D02-9F38-4D84-97CB-EC96BEB65098}.Release|Any CPU.ActiveCfg = Release|Any CPU
		{F8544D02-9F38-4D84-97CB-EC96BEB65098}.Release|Any CPU.Build.0 = Release|Any CPU
		{F8544D02-9F38-4D84-97CB-EC96BEB65098}.Release|x64.ActiveCfg = Release|Any CPU
		{F8544D02-9F38-4D84-97CB-EC96BEB65098}.Release|x64.Build.0 = Release|Any CPU
		{F8544D02-9F38-4D84-97CB-EC96BEB65098}.Release|x86.ActiveCfg = Release|Any CPU
		{F8544D02-9F38-4D84-97CB-EC96BEB65098}.Release|x86.Build.0 = Release|Any CPU
		{FC17FBE2-B4BD-49B8-ABCB-3B6A79CDBFC3}.Debug|Any CPU.ActiveCfg = Debug|Any CPU
		{FC17FBE2-B4BD-49B8-ABCB-3B6A79CDBFC3}.Debug|Any CPU.Build.0 = Debug|Any CPU
		{FC17FBE2-B4BD-49B8-ABCB-3B6A79CDBFC3}.Debug|x64.ActiveCfg = Debug|Any CPU
		{FC17FBE2-B4BD-49B8-ABCB-3B6A79CDBFC3}.Debug|x64.Build.0 = Debug|Any CPU
		{FC17FBE2-B4BD-49B8-ABCB-3B6A79CDBFC3}.Debug|x86.ActiveCfg = Debug|Any CPU
		{FC17FBE2-B4BD-49B8-ABCB-3B6A79CDBFC3}.Debug|x86.Build.0 = Debug|Any CPU
		{FC17FBE2-B4BD-49B8-ABCB-3B6A79CDBFC3}.Release|Any CPU.ActiveCfg = Release|Any CPU
		{FC17FBE2-B4BD-49B8-ABCB-3B6A79CDBFC3}.Release|Any CPU.Build.0 = Release|Any CPU
		{FC17FBE2-B4BD-49B8-ABCB-3B6A79CDBFC3}.Release|x64.ActiveCfg = Release|Any CPU
		{FC17FBE2-B4BD-49B8-ABCB-3B6A79CDBFC3}.Release|x64.Build.0 = Release|Any CPU
		{FC17FBE2-B4BD-49B8-ABCB-3B6A79CDBFC3}.Release|x86.ActiveCfg = Release|Any CPU
		{FC17FBE2-B4BD-49B8-ABCB-3B6A79CDBFC3}.Release|x86.Build.0 = Release|Any CPU
		{9F002592-E2AF-410F-9768-F74CED007F9E}.Debug|Any CPU.ActiveCfg = Debug|Any CPU
		{9F002592-E2AF-410F-9768-F74CED007F9E}.Debug|Any CPU.Build.0 = Debug|Any CPU
		{9F002592-E2AF-410F-9768-F74CED007F9E}.Debug|x64.ActiveCfg = Debug|Any CPU
		{9F002592-E2AF-410F-9768-F74CED007F9E}.Debug|x64.Build.0 = Debug|Any CPU
		{9F002592-E2AF-410F-9768-F74CED007F9E}.Debug|x86.ActiveCfg = Debug|Any CPU
		{9F002592-E2AF-410F-9768-F74CED007F9E}.Debug|x86.Build.0 = Debug|Any CPU
		{9F002592-E2AF-410F-9768-F74CED007F9E}.Release|Any CPU.ActiveCfg = Release|Any CPU
		{9F002592-E2AF-410F-9768-F74CED007F9E}.Release|Any CPU.Build.0 = Release|Any CPU
		{9F002592-E2AF-410F-9768-F74CED007F9E}.Release|x64.ActiveCfg = Release|Any CPU
		{9F002592-E2AF-410F-9768-F74CED007F9E}.Release|x64.Build.0 = Release|Any CPU
		{9F002592-E2AF-410F-9768-F74CED007F9E}.Release|x86.ActiveCfg = Release|Any CPU
		{9F002592-E2AF-410F-9768-F74CED007F9E}.Release|x86.Build.0 = Release|Any CPU
		{039C9BDA-A7E4-4397-8D85-972A35B3ED42}.Debug|Any CPU.ActiveCfg = Debug|Any CPU
		{039C9BDA-A7E4-4397-8D85-972A35B3ED42}.Debug|Any CPU.Build.0 = Debug|Any CPU
		{039C9BDA-A7E4-4397-8D85-972A35B3ED42}.Debug|x64.ActiveCfg = Debug|Any CPU
		{039C9BDA-A7E4-4397-8D85-972A35B3ED42}.Debug|x64.Build.0 = Debug|Any CPU
		{039C9BDA-A7E4-4397-8D85-972A35B3ED42}.Debug|x86.ActiveCfg = Debug|Any CPU
		{039C9BDA-A7E4-4397-8D85-972A35B3ED42}.Debug|x86.Build.0 = Debug|Any CPU
		{039C9BDA-A7E4-4397-8D85-972A35B3ED42}.Release|Any CPU.ActiveCfg = Release|Any CPU
		{039C9BDA-A7E4-4397-8D85-972A35B3ED42}.Release|Any CPU.Build.0 = Release|Any CPU
		{039C9BDA-A7E4-4397-8D85-972A35B3ED42}.Release|x64.ActiveCfg = Release|Any CPU
		{039C9BDA-A7E4-4397-8D85-972A35B3ED42}.Release|x64.Build.0 = Release|Any CPU
		{039C9BDA-A7E4-4397-8D85-972A35B3ED42}.Release|x86.ActiveCfg = Release|Any CPU
		{039C9BDA-A7E4-4397-8D85-972A35B3ED42}.Release|x86.Build.0 = Release|Any CPU
		{4FFCEBCD-AD79-4742-84B3-4CBA5342E787}.Debug|Any CPU.ActiveCfg = Debug|Any CPU
		{4FFCEBCD-AD79-4742-84B3-4CBA5342E787}.Debug|Any CPU.Build.0 = Debug|Any CPU
		{4FFCEBCD-AD79-4742-84B3-4CBA5342E787}.Debug|x64.ActiveCfg = Debug|Any CPU
		{4FFCEBCD-AD79-4742-84B3-4CBA5342E787}.Debug|x64.Build.0 = Debug|Any CPU
		{4FFCEBCD-AD79-4742-84B3-4CBA5342E787}.Debug|x86.ActiveCfg = Debug|Any CPU
		{4FFCEBCD-AD79-4742-84B3-4CBA5342E787}.Debug|x86.Build.0 = Debug|Any CPU
		{4FFCEBCD-AD79-4742-84B3-4CBA5342E787}.Release|Any CPU.ActiveCfg = Release|Any CPU
		{4FFCEBCD-AD79-4742-84B3-4CBA5342E787}.Release|Any CPU.Build.0 = Release|Any CPU
		{4FFCEBCD-AD79-4742-84B3-4CBA5342E787}.Release|x64.ActiveCfg = Release|Any CPU
		{4FFCEBCD-AD79-4742-84B3-4CBA5342E787}.Release|x64.Build.0 = Release|Any CPU
		{4FFCEBCD-AD79-4742-84B3-4CBA5342E787}.Release|x86.ActiveCfg = Release|Any CPU
		{4FFCEBCD-AD79-4742-84B3-4CBA5342E787}.Release|x86.Build.0 = Release|Any CPU
	EndGlobalSection
	GlobalSection(SolutionProperties) = preSolution
		HideSolutionNode = FALSE
	EndGlobalSection
	GlobalSection(NestedProjects) = preSolution
		{9057E1E2-D314-4886-9E86-8594C559AD8A} = {7EB54A22-BF46-4A6B-96B3-F97F5536E119}
		{97715838-D7CE-4928-8794-A2247BF0E3BF} = {7EB54A22-BF46-4A6B-96B3-F97F5536E119}
		{CAF38F4C-E32E-4B06-BCEE-703AC9A04523} = {065E8517-007C-4A56-B1EE-17814BF8A900}
		{8C17B58A-CA7A-4BC1-BAE2-5679BBAB0681} = {7EB54A22-BF46-4A6B-96B3-F97F5536E119}
		{F8544D02-9F38-4D84-97CB-EC96BEB65098} = {065E8517-007C-4A56-B1EE-17814BF8A900}
		{FC17FBE2-B4BD-49B8-ABCB-3B6A79CDBFC3} = {7EB54A22-BF46-4A6B-96B3-F97F5536E119}
		{E8C79614-2C33-ACC9-143A-CFF2E802D49E} = {5D20AA90-6969-D8BD-9DCD-8634F4692FDA}
		{2A4E56CF-59F1-2B12-7D89-814D66CDAA97} = {E8C79614-2C33-ACC9-143A-CFF2E802D49E}
		{4164CF95-2D45-69F1-5FC9-28187B9F0BBB} = {2A4E56CF-59F1-2B12-7D89-814D66CDAA97}
		{9F002592-E2AF-410F-9768-F74CED007F9E} = {4164CF95-2D45-69F1-5FC9-28187B9F0BBB}
		{E93232CE-88E4-7006-6826-98D3E7DD1ED6} = {2A4E56CF-59F1-2B12-7D89-814D66CDAA97}
		{039C9BDA-A7E4-4397-8D85-972A35B3ED42} = {E93232CE-88E4-7006-6826-98D3E7DD1ED6}
		{4FFCEBCD-AD79-4742-84B3-4CBA5342E787} = {065E8517-007C-4A56-B1EE-17814BF8A900}
	EndGlobalSection
EndGlobal
