Microsoft Visual Studio Solution File, Format Version 12.00
# Visual Studio Version 17
Project("{FAE04EC0-301F-11D3-BF4B-00C04F79EFBC}") = "VfpInventory.Domain", "Domain\VfpInventory.Domain.csproj", "{DF55742F-3F9D-4166-A200-9ED06E2546FD}"
EndProject
Project("{FAE04EC0-301F-11D3-BF4B-00C04F79EFBC}") = "VfpInventory.Application", "Application\VfpInventory.Application.csproj", "{EC773702-376E-47CA-B579-870815BDECEB}"
EndProject
Project("{FAE04EC0-301F-11D3-BF4B-00C04F79EFBC}") = "VfpInventory.Infrastructure", "Infrastructure\VfpInventory.Infrastructure.csproj", "{9F48F05E-83F2-4E0E-8358-43C620EBAFA0}"
EndProject
Project("{FAE04EC0-301F-11D3-BF4B-00C04F79EFBC}") = "VfpInventory.Api", "Api\VfpInventory.Api.csproj", "{62DE5510-D38A-4547-A769-F6E4F96565B4}"
EndProject
Project("{FAE04EC0-301F-11D3-BF4B-00C04F79EFBC}") = "VfpInventory.Tests", "Tests\VfpInventory.Tests.csproj", "{90529A53-A9CF-4F4D-A1A4-D2AE13F24D55}"
EndProject
Global
	GlobalSection(SolutionConfigurationPlatforms) = preSolution
		Debug|Any CPU = Debug|Any CPU
		Release|Any CPU = Release|Any CPU
	EndGlobalSection
	GlobalSection(ProjectConfigurationPlatforms) = postSolution
		{DF55742F-3F9D-4166-A200-9ED06E2546FD}.Debug|Any CPU.ActiveCfg = Debug|Any CPU
		{DF55742F-3F9D-4166-A200-9ED06E2546FD}.Debug|Any CPU.Build.0 = Debug|Any CPU
		{DF55742F-3F9D-4166-A200-9ED06E2546FD}.Release|Any CPU.ActiveCfg = Release|Any CPU
		{DF55742F-3F9D-4166-A200-9ED06E2546FD}.Release|Any CPU.Build.0 = Release|Any CPU
		{EC773702-376E-47CA-B579-870815BDECEB}.Debug|Any CPU.ActiveCfg = Debug|Any CPU
		{EC773702-376E-47CA-B579-870815BDECEB}.Debug|Any CPU.Build.0 = Debug|Any CPU
		{EC773702-376E-47CA-B579-870815BDECEB}.Release|Any CPU.ActiveCfg = Release|Any CPU
		{EC773702-376E-47CA-B579-870815BDECEB}.Release|Any CPU.Build.0 = Release|Any CPU
		{9F48F05E-83F2-4E0E-8358-43C620EBAFA0}.Debug|Any CPU.ActiveCfg = Debug|Any CPU
		{9F48F05E-83F2-4E0E-8358-43C620EBAFA0}.Debug|Any CPU.Build.0 = Debug|Any CPU
		{9F48F05E-83F2-4E0E-8358-43C620EBAFA0}.Release|Any CPU.ActiveCfg = Release|Any CPU
		{9F48F05E-83F2-4E0E-8358-43C620EBAFA0}.Release|Any CPU.Build.0 = Release|Any CPU
		{62DE5510-D38A-4547-A769-F6E4F96565B4}.Debug|Any CPU.ActiveCfg = Debug|Any CPU
		{62DE5510-D38A-4547-A769-F6E4F96565B4}.Debug|Any CPU.Build.0 = Debug|Any CPU
		{62DE5510-D38A-4547-A769-F6E4F96565B4}.Release|Any CPU.ActiveCfg = Release|Any CPU
		{62DE5510-D38A-4547-A769-F6E4F96565B4}.Release|Any CPU.Build.0 = Release|Any CPU
		{90529A53-A9CF-4F4D-A1A4-D2AE13F24D55}.Debug|Any CPU.ActiveCfg = Debug|Any CPU
		{90529A53-A9CF-4F4D-A1A4-D2AE13F24D55}.Debug|Any CPU.Build.0 = Debug|Any CPU
		{90529A53-A9CF-4F4D-A1A4-D2AE13F24D55}.Release|Any CPU.ActiveCfg = Release|Any CPU
		{90529A53-A9CF-4F4D-A1A4-D2AE13F24D55}.Release|Any CPU.Build.0 = Release|Any CPU
	EndGlobalSection
EndGlobal